// !$*UTF8*$!
{
	archiveVersion = 1;
	classes = {
	};
	objectVersion = 42;
	objects = {

/* Begin PBXBuildFile section */
		15600BEF18AF596400767285 /* demoParticle.cpp in Sources */ = {isa = PBXBuildFile; fileRef = 15600B7E18AF596400767285 /* demoParticle.cpp */; };
		15600BF018AF596400767285 /* metaphorKitchen.cpp in Sources */ = {isa = PBXBuildFile; fileRef = 15600B8018AF596400767285 /* metaphorKitchen.cpp */; };
		15600BF118AF596400767285 /* ofxCookableNode.cpp in Sources */ = {isa = PBXBuildFile; fileRef = 15600B8218AF596400767285 /* ofxCookableNode.cpp */; };
		15600BF218AF596400767285 /* ofxMusicalNote.cpp in Sources */ = {isa = PBXBuildFile; fileRef = 15600B8418AF596400767285 /* ofxMusicalNote.cpp */; };
		15600BF318AF596400767285 /* ofxPot.cpp in Sources */ = {isa = PBXBuildFile; fileRef = 15600B8618AF596400767285 /* ofxPot.cpp */; };
		15600BF418AF596400767285 /* ofxStovetop.cpp in Sources */ = {isa = PBXBuildFile; fileRef = 15600B8818AF596400767285 /* ofxStovetop.cpp */; };
		15600BF518AF596400767285 /* ofxOscBundle.cpp in Sources */ = {isa = PBXBuildFile; fileRef = 15600B8C18AF596400767285 /* ofxOscBundle.cpp */; };
		15600BF618AF596400767285 /* ofxOscMessage.cpp in Sources */ = {isa = PBXBuildFile; fileRef = 15600B8E18AF596400767285 /* ofxOscMessage.cpp */; };
		15600BF718AF596400767285 /* ofxOscReceiver.cpp in Sources */ = {isa = PBXBuildFile; fileRef = 15600B9018AF596400767285 /* ofxOscReceiver.cpp */; };
		15600BF818AF596400767285 /* ofxOscSender.cpp in Sources */ = {isa = PBXBuildFile; fileRef = 15600B9218AF596400767285 /* ofxOscSender.cpp */; };
		15600BF918AF596400767285 /* IpEndpointName.cpp in Sources */ = {isa = PBXBuildFile; fileRef = 15600B9518AF596400767285 /* IpEndpointName.cpp */; };
		15600BFA18AF596400767285 /* NetworkingUtils.cpp in Sources */ = {isa = PBXBuildFile; fileRef = 15600B9918AF596400767285 /* NetworkingUtils.cpp */; };
		15600BFB18AF596400767285 /* UdpSocket.cpp in Sources */ = {isa = PBXBuildFile; fileRef = 15600B9A18AF596400767285 /* UdpSocket.cpp */; };
		15600BFC18AF596400767285 /* NetworkingUtilsWin.cpp in Sources */ = {isa = PBXBuildFile; fileRef = 15600B9E18AF596400767285 /* NetworkingUtilsWin.cpp */; };
		15600BFD18AF596400767285 /* UdpSocketWin.cpp in Sources */ = {isa = PBXBuildFile; fileRef = 15600B9F18AF596400767285 /* UdpSocketWin.cpp */; };
		15600BFE18AF596400767285 /* OscOutboundPacketStream.cpp in Sources */ = {isa = PBXBuildFile; fileRef = 15600BA518AF596400767285 /* OscOutboundPacketStream.cpp */; };
		15600BFF18AF596400767285 /* OscPrintReceivedElements.cpp in Sources */ = {isa = PBXBuildFile; fileRef = 15600BA818AF596400767285 /* OscPrintReceivedElements.cpp */; };
		15600C0018AF596400767285 /* OscReceivedElements.cpp in Sources */ = {isa = PBXBuildFile; fileRef = 15600BAA18AF596400767285 /* OscReceivedElements.cpp */; };
		15600C0118AF596400767285 /* OscTypes.cpp in Sources */ = {isa = PBXBuildFile; fileRef = 15600BAC18AF596400767285 /* OscTypes.cpp */; };
		15600C0218AF596400767285 /* ofxXmlSettings.cpp in Sources */ = {isa = PBXBuildFile; fileRef = 15600BB318AF596400767285 /* ofxXmlSettings.cpp */; };
		15600C0318AF596400767285 /* tinyxml.cpp in Sources */ = {isa = PBXBuildFile; fileRef = 15600BB618AF596400767285 /* tinyxml.cpp */; };
		15600C0418AF596400767285 /* tinyxmlerror.cpp in Sources */ = {isa = PBXBuildFile; fileRef = 15600BB818AF596400767285 /* tinyxmlerror.cpp */; };
		15600C0518AF596400767285 /* tinyxmlparser.cpp in Sources */ = {isa = PBXBuildFile; fileRef = 15600BB918AF596400767285 /* tinyxmlparser.cpp */; };
		15600C0618AF596400767285 /* ofxBaseGui.cpp in Sources */ = {isa = PBXBuildFile; fileRef = 15600BBE18AF596400767285 /* ofxBaseGui.cpp */; };
		15600C0718AF596400767285 /* ofxButton.cpp in Sources */ = {isa = PBXBuildFile; fileRef = 15600BC018AF596400767285 /* ofxButton.cpp */; };
		15600C0818AF596400767285 /* ofxLabel.cpp in Sources */ = {isa = PBXBuildFile; fileRef = 15600BC318AF596400767285 /* ofxLabel.cpp */; };
		15600C0918AF596400767285 /* ofxPanel.cpp in Sources */ = {isa = PBXBuildFile; fileRef = 15600BC518AF596400767285 /* ofxPanel.cpp */; };
		15600C0A18AF596400767285 /* ofxSlider.cpp in Sources */ = {isa = PBXBuildFile; fileRef = 15600BC718AF596400767285 /* ofxSlider.cpp */; };
		15600C0B18AF596400767285 /* ofxToggle.cpp in Sources */ = {isa = PBXBuildFile; fileRef = 15600BC918AF596400767285 /* ofxToggle.cpp */; };
		15600C0D18AF596400767285 /* ofxParticleEmitter.cpp in Sources */ = {isa = PBXBuildFile; fileRef = 15600BCE18AF596400767285 /* ofxParticleEmitter.cpp */; };
		15600C0F18AF596400767285 /* ofxTactoBlob.cpp in Sources */ = {isa = PBXBuildFile; fileRef = 15600BD418AF596400767285 /* ofxTactoBlob.cpp */; };
		15600C1018AF596400767285 /* ofxTactoHandler.cpp in Sources */ = {isa = PBXBuildFile; fileRef = 15600BD618AF596400767285 /* ofxTactoHandler.cpp */; };
		15600C1118AF596400767285 /* ofxTactoBeatNode.cpp in Sources */ = {isa = PBXBuildFile; fileRef = 15600BD918AF596400767285 /* ofxTactoBeatNode.cpp */; };
		15600C1218AF596400767285 /* ofxTactoButtonOnOff.cpp in Sources */ = {isa = PBXBuildFile; fileRef = 15600BDB18AF596400767285 /* ofxTactoButtonOnOff.cpp */; };
		15600C1318AF596400767285 /* ofxTactoSHPM.cpp in Sources */ = {isa = PBXBuildFile; fileRef = 15600BDD18AF596400767285 /* ofxTactoSHPM.cpp */; };
		15600C1418AF596400767285 /* ofxTactoSHPMNode.cpp in Sources */ = {isa = PBXBuildFile; fileRef = 15600BDF18AF596400767285 /* ofxTactoSHPMNode.cpp */; };
		15600C1518AF596400767285 /* ofxTactoStain.cpp in Sources */ = {isa = PBXBuildFile; fileRef = 15600BE118AF596400767285 /* ofxTactoStain.cpp */; };
		15600C1618AF596400767285 /* ofxTextBlock.cpp in Sources */ = {isa = PBXBuildFile; fileRef = 15600BE618AF596400767285 /* ofxTextBlock.cpp */; };
		BBAB23CB13894F3D00AA2426 /* GLUT.framework in CopyFiles */ = {isa = PBXBuildFile; fileRef = BBAB23BE13894E4700AA2426 /* GLUT.framework */; };
		E4328149138ABC9F0047C5CB /* openFrameworks.a in Frameworks */ = {isa = PBXBuildFile; fileRef = E4328148138ABC890047C5CB /* openFrameworks.a */; };
		E45BE97B0E8CC7DD009D7055 /* AGL.framework in Frameworks */ = {isa = PBXBuildFile; fileRef = E45BE9710E8CC7DD009D7055 /* AGL.framework */; };
		E45BE97C0E8CC7DD009D7055 /* ApplicationServices.framework in Frameworks */ = {isa = PBXBuildFile; fileRef = E45BE9720E8CC7DD009D7055 /* ApplicationServices.framework */; };
		E45BE97D0E8CC7DD009D7055 /* AudioToolbox.framework in Frameworks */ = {isa = PBXBuildFile; fileRef = E45BE9730E8CC7DD009D7055 /* AudioToolbox.framework */; };
		E45BE97E0E8CC7DD009D7055 /* Carbon.framework in Frameworks */ = {isa = PBXBuildFile; fileRef = E45BE9740E8CC7DD009D7055 /* Carbon.framework */; };
		E45BE97F0E8CC7DD009D7055 /* CoreAudio.framework in Frameworks */ = {isa = PBXBuildFile; fileRef = E45BE9750E8CC7DD009D7055 /* CoreAudio.framework */; };
		E45BE9800E8CC7DD009D7055 /* CoreFoundation.framework in Frameworks */ = {isa = PBXBuildFile; fileRef = E45BE9760E8CC7DD009D7055 /* CoreFoundation.framework */; };
		E45BE9810E8CC7DD009D7055 /* CoreServices.framework in Frameworks */ = {isa = PBXBuildFile; fileRef = E45BE9770E8CC7DD009D7055 /* CoreServices.framework */; };
		E45BE9830E8CC7DD009D7055 /* OpenGL.framework in Frameworks */ = {isa = PBXBuildFile; fileRef = E45BE9790E8CC7DD009D7055 /* OpenGL.framework */; };
		E45BE9840E8CC7DD009D7055 /* QuickTime.framework in Frameworks */ = {isa = PBXBuildFile; fileRef = E45BE97A0E8CC7DD009D7055 /* QuickTime.framework */; };
		E4B69E200A3A1BDC003C02F2 /* main.cpp in Sources */ = {isa = PBXBuildFile; fileRef = E4B69E1D0A3A1BDC003C02F2 /* main.cpp */; };
		E4B69E210A3A1BDC003C02F2 /* testApp.cpp in Sources */ = {isa = PBXBuildFile; fileRef = E4B69E1E0A3A1BDC003C02F2 /* testApp.cpp */; };
		E4C2424710CC5A17004149E2 /* AppKit.framework in Frameworks */ = {isa = PBXBuildFile; fileRef = E4C2424410CC5A17004149E2 /* AppKit.framework */; };
		E4C2424810CC5A17004149E2 /* Cocoa.framework in Frameworks */ = {isa = PBXBuildFile; fileRef = E4C2424510CC5A17004149E2 /* Cocoa.framework */; };
		E4C2424910CC5A17004149E2 /* IOKit.framework in Frameworks */ = {isa = PBXBuildFile; fileRef = E4C2424610CC5A17004149E2 /* IOKit.framework */; };
		E4EB6799138ADC1D00A09F29 /* GLUT.framework in Frameworks */ = {isa = PBXBuildFile; fileRef = BBAB23BE13894E4700AA2426 /* GLUT.framework */; };
		E7E077E515D3B63C0020DFD4 /* CoreVideo.framework in Frameworks */ = {isa = PBXBuildFile; fileRef = E7E077E415D3B63C0020DFD4 /* CoreVideo.framework */; };
		E7E077E815D3B6510020DFD4 /* QTKit.framework in Frameworks */ = {isa = PBXBuildFile; fileRef = E7E077E715D3B6510020DFD4 /* QTKit.framework */; };
		E7F985F815E0DEA3003869B5 /* Accelerate.framework in Frameworks */ = {isa = PBXBuildFile; fileRef = E7F985F515E0DE99003869B5 /* Accelerate.framework */; };
/* End PBXBuildFile section */

/* Begin PBXContainerItemProxy section */
		E4328147138ABC890047C5CB /* PBXContainerItemProxy */ = {
			isa = PBXContainerItemProxy;
			containerPortal = E4328143138ABC890047C5CB /* openFrameworksLib.xcodeproj */;
			proxyType = 2;
			remoteGlobalIDString = E4B27C1510CBEB8E00536013;
			remoteInfo = openFrameworks;
		};
		E4EEB9AB138B136A00A80321 /* PBXContainerItemProxy */ = {
			isa = PBXContainerItemProxy;
			containerPortal = E4328143138ABC890047C5CB /* openFrameworksLib.xcodeproj */;
			proxyType = 1;
			remoteGlobalIDString = E4B27C1410CBEB8E00536013;
			remoteInfo = openFrameworks;
		};
/* End PBXContainerItemProxy section */

/* Begin PBXCopyFilesBuildPhase section */
		E4C2427710CC5ABF004149E2 /* CopyFiles */ = {
			isa = PBXCopyFilesBuildPhase;
			buildActionMask = 2147483647;
			dstPath = "";
			dstSubfolderSpec = 10;
			files = (
				BBAB23CB13894F3D00AA2426 /* GLUT.framework in CopyFiles */,
			);
			runOnlyForDeploymentPostprocessing = 0;
		};
/* End PBXCopyFilesBuildPhase section */

/* Begin PBXFileReference section */
		15600B7E18AF596400767285 /* demoParticle.cpp */ = {isa = PBXFileReference; explicitFileType = sourcecode.cpp.cpp; fileEncoding = 30; name = demoParticle.cpp; path = src/demoParticle.cpp; sourceTree = SOURCE_ROOT; };
		15600B7F18AF596400767285 /* demoParticle.h */ = {isa = PBXFileReference; explicitFileType = sourcecode.c.h; fileEncoding = 30; name = demoParticle.h; path = src/demoParticle.h; sourceTree = SOURCE_ROOT; };
		15600B8018AF596400767285 /* metaphorKitchen.cpp */ = {isa = PBXFileReference; explicitFileType = sourcecode.cpp.cpp; fileEncoding = 30; name = metaphorKitchen.cpp; path = src/metaphorKitchen.cpp; sourceTree = SOURCE_ROOT; };
		15600B8118AF596400767285 /* metaphorKitchen.h */ = {isa = PBXFileReference; explicitFileType = sourcecode.c.h; fileEncoding = 30; name = metaphorKitchen.h; path = src/metaphorKitchen.h; sourceTree = SOURCE_ROOT; };
		15600B8218AF596400767285 /* ofxCookableNode.cpp */ = {isa = PBXFileReference; explicitFileType = sourcecode.cpp.cpp; fileEncoding = 30; name = ofxCookableNode.cpp; path = src/ofxCookableNode.cpp; sourceTree = SOURCE_ROOT; };
		15600B8318AF596400767285 /* ofxCookableNode.h */ = {isa = PBXFileReference; explicitFileType = sourcecode.c.h; fileEncoding = 30; name = ofxCookableNode.h; path = src/ofxCookableNode.h; sourceTree = SOURCE_ROOT; };
		15600B8418AF596400767285 /* ofxMusicalNote.cpp */ = {isa = PBXFileReference; explicitFileType = sourcecode.cpp.cpp; fileEncoding = 30; name = ofxMusicalNote.cpp; path = src/ofxMusicalNote.cpp; sourceTree = SOURCE_ROOT; };
		15600B8518AF596400767285 /* ofxMusicalNote.h */ = {isa = PBXFileReference; explicitFileType = sourcecode.c.h; fileEncoding = 30; name = ofxMusicalNote.h; path = src/ofxMusicalNote.h; sourceTree = SOURCE_ROOT; };
		15600B8618AF596400767285 /* ofxPot.cpp */ = {isa = PBXFileReference; explicitFileType = sourcecode.cpp.cpp; fileEncoding = 30; name = ofxPot.cpp; path = src/ofxPot.cpp; sourceTree = SOURCE_ROOT; };
		15600B8718AF596400767285 /* ofxPot.h */ = {isa = PBXFileReference; explicitFileType = sourcecode.c.h; fileEncoding = 30; name = ofxPot.h; path = src/ofxPot.h; sourceTree = SOURCE_ROOT; };
		15600B8818AF596400767285 /* ofxStovetop.cpp */ = {isa = PBXFileReference; explicitFileType = sourcecode.cpp.cpp; fileEncoding = 30; name = ofxStovetop.cpp; path = src/ofxStovetop.cpp; sourceTree = SOURCE_ROOT; };
		15600B8918AF596400767285 /* ofxStovetop.h */ = {isa = PBXFileReference; explicitFileType = sourcecode.c.h; fileEncoding = 30; name = ofxStovetop.h; path = src/ofxStovetop.h; sourceTree = SOURCE_ROOT; };
		15600B8A18AF596400767285 /* ofxOsc.h */ = {isa = PBXFileReference; explicitFileType = sourcecode.c.h; fileEncoding = 30; name = ofxOsc.h; path = ../../../addons/ofxOsc/src/ofxOsc.h; sourceTree = SOURCE_ROOT; };
		15600B8B18AF596400767285 /* ofxOscArg.h */ = {isa = PBXFileReference; explicitFileType = sourcecode.c.h; fileEncoding = 30; name = ofxOscArg.h; path = ../../../addons/ofxOsc/src/ofxOscArg.h; sourceTree = SOURCE_ROOT; };
		15600B8C18AF596400767285 /* ofxOscBundle.cpp */ = {isa = PBXFileReference; explicitFileType = sourcecode.cpp.cpp; fileEncoding = 30; name = ofxOscBundle.cpp; path = ../../../addons/ofxOsc/src/ofxOscBundle.cpp; sourceTree = SOURCE_ROOT; };
		15600B8D18AF596400767285 /* ofxOscBundle.h */ = {isa = PBXFileReference; explicitFileType = sourcecode.c.h; fileEncoding = 30; name = ofxOscBundle.h; path = ../../../addons/ofxOsc/src/ofxOscBundle.h; sourceTree = SOURCE_ROOT; };
		15600B8E18AF596400767285 /* ofxOscMessage.cpp */ = {isa = PBXFileReference; explicitFileType = sourcecode.cpp.cpp; fileEncoding = 30; name = ofxOscMessage.cpp; path = ../../../addons/ofxOsc/src/ofxOscMessage.cpp; sourceTree = SOURCE_ROOT; };
		15600B8F18AF596400767285 /* ofxOscMessage.h */ = {isa = PBXFileReference; explicitFileType = sourcecode.c.h; fileEncoding = 30; name = ofxOscMessage.h; path = ../../../addons/ofxOsc/src/ofxOscMessage.h; sourceTree = SOURCE_ROOT; };
		15600B9018AF596400767285 /* ofxOscReceiver.cpp */ = {isa = PBXFileReference; explicitFileType = sourcecode.cpp.cpp; fileEncoding = 30; name = ofxOscReceiver.cpp; path = ../../../addons/ofxOsc/src/ofxOscReceiver.cpp; sourceTree = SOURCE_ROOT; };
		15600B9118AF596400767285 /* ofxOscReceiver.h */ = {isa = PBXFileReference; explicitFileType = sourcecode.c.h; fileEncoding = 30; name = ofxOscReceiver.h; path = ../../../addons/ofxOsc/src/ofxOscReceiver.h; sourceTree = SOURCE_ROOT; };
		15600B9218AF596400767285 /* ofxOscSender.cpp */ = {isa = PBXFileReference; explicitFileType = sourcecode.cpp.cpp; fileEncoding = 30; name = ofxOscSender.cpp; path = ../../../addons/ofxOsc/src/ofxOscSender.cpp; sourceTree = SOURCE_ROOT; };
		15600B9318AF596400767285 /* ofxOscSender.h */ = {isa = PBXFileReference; explicitFileType = sourcecode.c.h; fileEncoding = 30; name = ofxOscSender.h; path = ../../../addons/ofxOsc/src/ofxOscSender.h; sourceTree = SOURCE_ROOT; };
		15600B9518AF596400767285 /* IpEndpointName.cpp */ = {isa = PBXFileReference; explicitFileType = sourcecode.cpp.cpp; fileEncoding = 30; name = IpEndpointName.cpp; path = ../../../addons/ofxOsc/libs/oscpack/src/ip/IpEndpointName.cpp; sourceTree = SOURCE_ROOT; };
		15600B9618AF596400767285 /* IpEndpointName.h */ = {isa = PBXFileReference; explicitFileType = sourcecode.c.h; fileEncoding = 30; name = IpEndpointName.h; path = ../../../addons/ofxOsc/libs/oscpack/src/ip/IpEndpointName.h; sourceTree = SOURCE_ROOT; };
		15600B9718AF596400767285 /* NetworkingUtils.h */ = {isa = PBXFileReference; explicitFileType = sourcecode.c.h; fileEncoding = 30; name = NetworkingUtils.h; path = ../../../addons/ofxOsc/libs/oscpack/src/ip/NetworkingUtils.h; sourceTree = SOURCE_ROOT; };
		15600B9818AF596400767285 /* PacketListener.h */ = {isa = PBXFileReference; explicitFileType = sourcecode.c.h; fileEncoding = 30; name = PacketListener.h; path = ../../../addons/ofxOsc/libs/oscpack/src/ip/PacketListener.h; sourceTree = SOURCE_ROOT; };
		15600B9918AF596400767285 /* NetworkingUtils.cpp */ = {isa = PBXFileReference; explicitFileType = sourcecode.cpp.cpp; fileEncoding = 30; name = NetworkingUtils.cpp; path = ../../../addons/ofxOsc/libs/oscpack/src/ip/posix/NetworkingUtils.cpp; sourceTree = SOURCE_ROOT; };
		15600B9A18AF596400767285 /* UdpSocket.cpp */ = {isa = PBXFileReference; explicitFileType = sourcecode.cpp.cpp; fileEncoding = 30; name = UdpSocket.cpp; path = ../../../addons/ofxOsc/libs/oscpack/src/ip/posix/UdpSocket.cpp; sourceTree = SOURCE_ROOT; };
		15600B9C18AF596400767285 /* TimerListener.h */ = {isa = PBXFileReference; explicitFileType = sourcecode.c.h; fileEncoding = 30; name = TimerListener.h; path = ../../../addons/ofxOsc/libs/oscpack/src/ip/TimerListener.h; sourceTree = SOURCE_ROOT; };
		15600B9D18AF596400767285 /* UdpSocket.h */ = {isa = PBXFileReference; explicitFileType = sourcecode.c.h; fileEncoding = 30; name = UdpSocket.h; path = ../../../addons/ofxOsc/libs/oscpack/src/ip/UdpSocket.h; sourceTree = SOURCE_ROOT; };
		15600B9E18AF596400767285 /* NetworkingUtilsWin.cpp */ = {isa = PBXFileReference; explicitFileType = sourcecode.cpp.cpp; fileEncoding = 30; name = NetworkingUtilsWin.cpp; path = ../../../addons/ofxOsc/libs/oscpack/src/ip/win32/NetworkingUtilsWin.cpp; sourceTree = SOURCE_ROOT; };
		15600B9F18AF596400767285 /* UdpSocketWin.cpp */ = {isa = PBXFileReference; explicitFileType = sourcecode.cpp.cpp; fileEncoding = 30; name = UdpSocketWin.cpp; path = ../../../addons/ofxOsc/libs/oscpack/src/ip/win32/UdpSocketWin.cpp; sourceTree = SOURCE_ROOT; };
		15600BA218AF596400767285 /* MessageMappingOscPacketListener.h */ = {isa = PBXFileReference; explicitFileType = sourcecode.c.h; fileEncoding = 30; name = MessageMappingOscPacketListener.h; path = ../../../addons/ofxOsc/libs/oscpack/src/osc/MessageMappingOscPacketListener.h; sourceTree = SOURCE_ROOT; };
		15600BA318AF596400767285 /* OscException.h */ = {isa = PBXFileReference; explicitFileType = sourcecode.c.h; fileEncoding = 30; name = OscException.h; path = ../../../addons/ofxOsc/libs/oscpack/src/osc/OscException.h; sourceTree = SOURCE_ROOT; };
		15600BA418AF596400767285 /* OscHostEndianness.h */ = {isa = PBXFileReference; explicitFileType = sourcecode.c.h; fileEncoding = 30; name = OscHostEndianness.h; path = ../../../addons/ofxOsc/libs/oscpack/src/osc/OscHostEndianness.h; sourceTree = SOURCE_ROOT; };
		15600BA518AF596400767285 /* OscOutboundPacketStream.cpp */ = {isa = PBXFileReference; explicitFileType = sourcecode.cpp.cpp; fileEncoding = 30; name = OscOutboundPacketStream.cpp; path = ../../../addons/ofxOsc/libs/oscpack/src/osc/OscOutboundPacketStream.cpp; sourceTree = SOURCE_ROOT; };
		15600BA618AF596400767285 /* OscOutboundPacketStream.h */ = {isa = PBXFileReference; explicitFileType = sourcecode.c.h; fileEncoding = 30; name = OscOutboundPacketStream.h; path = ../../../addons/ofxOsc/libs/oscpack/src/osc/OscOutboundPacketStream.h; sourceTree = SOURCE_ROOT; };
		15600BA718AF596400767285 /* OscPacketListener.h */ = {isa = PBXFileReference; explicitFileType = sourcecode.c.h; fileEncoding = 30; name = OscPacketListener.h; path = ../../../addons/ofxOsc/libs/oscpack/src/osc/OscPacketListener.h; sourceTree = SOURCE_ROOT; };
		15600BA818AF596400767285 /* OscPrintReceivedElements.cpp */ = {isa = PBXFileReference; explicitFileType = sourcecode.cpp.cpp; fileEncoding = 30; name = OscPrintReceivedElements.cpp; path = ../../../addons/ofxOsc/libs/oscpack/src/osc/OscPrintReceivedElements.cpp; sourceTree = SOURCE_ROOT; };
		15600BA918AF596400767285 /* OscPrintReceivedElements.h */ = {isa = PBXFileReference; explicitFileType = sourcecode.c.h; fileEncoding = 30; name = OscPrintReceivedElements.h; path = ../../../addons/ofxOsc/libs/oscpack/src/osc/OscPrintReceivedElements.h; sourceTree = SOURCE_ROOT; };
		15600BAA18AF596400767285 /* OscReceivedElements.cpp */ = {isa = PBXFileReference; explicitFileType = sourcecode.cpp.cpp; fileEncoding = 30; name = OscReceivedElements.cpp; path = ../../../addons/ofxOsc/libs/oscpack/src/osc/OscReceivedElements.cpp; sourceTree = SOURCE_ROOT; };
		15600BAB18AF596400767285 /* OscReceivedElements.h */ = {isa = PBXFileReference; explicitFileType = sourcecode.c.h; fileEncoding = 30; name = OscReceivedElements.h; path = ../../../addons/ofxOsc/libs/oscpack/src/osc/OscReceivedElements.h; sourceTree = SOURCE_ROOT; };
		15600BAC18AF596400767285 /* OscTypes.cpp */ = {isa = PBXFileReference; explicitFileType = sourcecode.cpp.cpp; fileEncoding = 30; name = OscTypes.cpp; path = ../../../addons/ofxOsc/libs/oscpack/src/osc/OscTypes.cpp; sourceTree = SOURCE_ROOT; };
		15600BAD18AF596400767285 /* OscTypes.h */ = {isa = PBXFileReference; explicitFileType = sourcecode.c.h; fileEncoding = 30; name = OscTypes.h; path = ../../../addons/ofxOsc/libs/oscpack/src/osc/OscTypes.h; sourceTree = SOURCE_ROOT; };
		15600BB318AF596400767285 /* ofxXmlSettings.cpp */ = {isa = PBXFileReference; explicitFileType = sourcecode.cpp.cpp; fileEncoding = 30; name = ofxXmlSettings.cpp; path = ../../../addons/ofxXmlSettings/src/ofxXmlSettings.cpp; sourceTree = SOURCE_ROOT; };
		15600BB418AF596400767285 /* ofxXmlSettings.h */ = {isa = PBXFileReference; explicitFileType = sourcecode.c.h; fileEncoding = 30; name = ofxXmlSettings.h; path = ../../../addons/ofxXmlSettings/src/ofxXmlSettings.h; sourceTree = SOURCE_ROOT; };
		15600BB618AF596400767285 /* tinyxml.cpp */ = {isa = PBXFileReference; explicitFileType = sourcecode.cpp.cpp; fileEncoding = 30; name = tinyxml.cpp; path = ../../../addons/ofxXmlSettings/libs/tinyxml.cpp; sourceTree = SOURCE_ROOT; };
		15600BB718AF596400767285 /* tinyxml.h */ = {isa = PBXFileReference; explicitFileType = sourcecode.c.h; fileEncoding = 30; name = tinyxml.h; path = ../../../addons/ofxXmlSettings/libs/tinyxml.h; sourceTree = SOURCE_ROOT; };
		15600BB818AF596400767285 /* tinyxmlerror.cpp */ = {isa = PBXFileReference; explicitFileType = sourcecode.cpp.cpp; fileEncoding = 30; name = tinyxmlerror.cpp; path = ../../../addons/ofxXmlSettings/libs/tinyxmlerror.cpp; sourceTree = SOURCE_ROOT; };
		15600BB918AF596400767285 /* tinyxmlparser.cpp */ = {isa = PBXFileReference; explicitFileType = sourcecode.cpp.cpp; fileEncoding = 30; name = tinyxmlparser.cpp; path = ../../../addons/ofxXmlSettings/libs/tinyxmlparser.cpp; sourceTree = SOURCE_ROOT; };
		15600BBC18AF596400767285 /* ofOscParameter.h */ = {isa = PBXFileReference; explicitFileType = sourcecode.c.h; fileEncoding = 30; name = ofOscParameter.h; path = ../../../addons/ofxGui/src/ofOscParameter.h; sourceTree = SOURCE_ROOT; };
		15600BBD18AF596400767285 /* ofParameter.h */ = {isa = PBXFileReference; explicitFileType = sourcecode.c.h; fileEncoding = 30; name = ofParameter.h; path = ../../../addons/ofxGui/src/ofParameter.h; sourceTree = SOURCE_ROOT; };
		15600BBE18AF596400767285 /* ofxBaseGui.cpp */ = {isa = PBXFileReference; explicitFileType = sourcecode.cpp.cpp; fileEncoding = 30; name = ofxBaseGui.cpp; path = ../../../addons/ofxGui/src/ofxBaseGui.cpp; sourceTree = SOURCE_ROOT; };
		15600BBF18AF596400767285 /* ofxBaseGui.h */ = {isa = PBXFileReference; explicitFileType = sourcecode.c.h; fileEncoding = 30; name = ofxBaseGui.h; path = ../../../addons/ofxGui/src/ofxBaseGui.h; sourceTree = SOURCE_ROOT; };
		15600BC018AF596400767285 /* ofxButton.cpp */ = {isa = PBXFileReference; explicitFileType = sourcecode.cpp.cpp; fileEncoding = 30; name = ofxButton.cpp; path = ../../../addons/ofxGui/src/ofxButton.cpp; sourceTree = SOURCE_ROOT; };
		15600BC118AF596400767285 /* ofxButton.h */ = {isa = PBXFileReference; explicitFileType = sourcecode.c.h; fileEncoding = 30; name = ofxButton.h; path = ../../../addons/ofxGui/src/ofxButton.h; sourceTree = SOURCE_ROOT; };
		15600BC218AF596400767285 /* ofxGui.h */ = {isa = PBXFileReference; explicitFileType = sourcecode.c.h; fileEncoding = 30; name = ofxGui.h; path = ../../../addons/ofxGui/src/ofxGui.h; sourceTree = SOURCE_ROOT; };
		15600BC318AF596400767285 /* ofxLabel.cpp */ = {isa = PBXFileReference; explicitFileType = sourcecode.cpp.cpp; fileEncoding = 30; name = ofxLabel.cpp; path = ../../../addons/ofxGui/src/ofxLabel.cpp; sourceTree = SOURCE_ROOT; };
		15600BC418AF596400767285 /* ofxLabel.h */ = {isa = PBXFileReference; explicitFileType = sourcecode.c.h; fileEncoding = 30; name = ofxLabel.h; path = ../../../addons/ofxGui/src/ofxLabel.h; sourceTree = SOURCE_ROOT; };
		15600BC518AF596400767285 /* ofxPanel.cpp */ = {isa = PBXFileReference; explicitFileType = sourcecode.cpp.cpp; fileEncoding = 30; name = ofxPanel.cpp; path = ../../../addons/ofxGui/src/ofxPanel.cpp; sourceTree = SOURCE_ROOT; };
		15600BC618AF596400767285 /* ofxPanel.h */ = {isa = PBXFileReference; explicitFileType = sourcecode.c.h; fileEncoding = 30; name = ofxPanel.h; path = ../../../addons/ofxGui/src/ofxPanel.h; sourceTree = SOURCE_ROOT; };
		15600BC718AF596400767285 /* ofxSlider.cpp */ = {isa = PBXFileReference; explicitFileType = sourcecode.cpp.cpp; fileEncoding = 30; name = ofxSlider.cpp; path = ../../../addons/ofxGui/src/ofxSlider.cpp; sourceTree = SOURCE_ROOT; };
		15600BC818AF596400767285 /* ofxSlider.h */ = {isa = PBXFileReference; explicitFileType = sourcecode.c.h; fileEncoding = 30; name = ofxSlider.h; path = ../../../addons/ofxGui/src/ofxSlider.h; sourceTree = SOURCE_ROOT; };
		15600BC918AF596400767285 /* ofxToggle.cpp */ = {isa = PBXFileReference; explicitFileType = sourcecode.cpp.cpp; fileEncoding = 30; name = ofxToggle.cpp; path = ../../../addons/ofxGui/src/ofxToggle.cpp; sourceTree = SOURCE_ROOT; };
		15600BCA18AF596400767285 /* ofxToggle.h */ = {isa = PBXFileReference; explicitFileType = sourcecode.c.h; fileEncoding = 30; name = ofxToggle.h; path = ../../../addons/ofxGui/src/ofxToggle.h; sourceTree = SOURCE_ROOT; };
		15600BCE18AF596400767285 /* ofxParticleEmitter.cpp */ = {isa = PBXFileReference; explicitFileType = sourcecode.cpp.cpp; fileEncoding = 30; name = ofxParticleEmitter.cpp; path = ../../../addons/ofxParticleEmitter/src/ofxParticleEmitter.cpp; sourceTree = SOURCE_ROOT; };
		15600BCF18AF596400767285 /* ofxParticleEmitter.h */ = {isa = PBXFileReference; explicitFileType = sourcecode.c.h; fileEncoding = 30; name = ofxParticleEmitter.h; path = ../../../addons/ofxParticleEmitter/src/ofxParticleEmitter.h; sourceTree = SOURCE_ROOT; };
		15600BD418AF596400767285 /* ofxTactoBlob.cpp */ = {isa = PBXFileReference; explicitFileType = sourcecode.cpp.cpp; fileEncoding = 30; name = ofxTactoBlob.cpp; path = ../../../addons/ofxTactoSonixTools/src/ofxTactoBlob.cpp; sourceTree = SOURCE_ROOT; };
		15600BD518AF596400767285 /* ofxTactoBlob.h */ = {isa = PBXFileReference; explicitFileType = sourcecode.c.h; fileEncoding = 30; name = ofxTactoBlob.h; path = ../../../addons/ofxTactoSonixTools/src/ofxTactoBlob.h; sourceTree = SOURCE_ROOT; };
		15600BD618AF596400767285 /* ofxTactoHandler.cpp */ = {isa = PBXFileReference; explicitFileType = sourcecode.cpp.cpp; fileEncoding = 30; name = ofxTactoHandler.cpp; path = ../../../addons/ofxTactoSonixTools/src/ofxTactoHandler.cpp; sourceTree = SOURCE_ROOT; };
		15600BD718AF596400767285 /* ofxTactoHandler.h */ = {isa = PBXFileReference; explicitFileType = sourcecode.c.h; fileEncoding = 30; name = ofxTactoHandler.h; path = ../../../addons/ofxTactoSonixTools/src/ofxTactoHandler.h; sourceTree = SOURCE_ROOT; };
		15600BD818AF596400767285 /* TactosonixHelpers.h */ = {isa = PBXFileReference; explicitFileType = sourcecode.c.h; fileEncoding = 30; name = TactosonixHelpers.h; path = ../../../addons/ofxTactoSonixTools/src/TactosonixHelpers.h; sourceTree = SOURCE_ROOT; };
		15600BD918AF596400767285 /* ofxTactoBeatNode.cpp */ = {isa = PBXFileReference; explicitFileType = sourcecode.cpp.cpp; fileEncoding = 30; name = ofxTactoBeatNode.cpp; path = ../../../addons/ofxTactoSonixTools/src/UI/ofxTactoBeatNode.cpp; sourceTree = SOURCE_ROOT; };
		15600BDA18AF596400767285 /* ofxTactoBeatNode.h */ = {isa = PBXFileReference; explicitFileType = sourcecode.c.h; fileEncoding = 30; name = ofxTactoBeatNode.h; path = ../../../addons/ofxTactoSonixTools/src/UI/ofxTactoBeatNode.h; sourceTree = SOURCE_ROOT; };
		15600BDB18AF596400767285 /* ofxTactoButtonOnOff.cpp */ = {isa = PBXFileReference; explicitFileType = sourcecode.cpp.cpp; fileEncoding = 30; name = ofxTactoButtonOnOff.cpp; path = ../../../addons/ofxTactoSonixTools/src/UI/ofxTactoButtonOnOff.cpp; sourceTree = SOURCE_ROOT; };
		15600BDC18AF596400767285 /* ofxTactoButtonOnOff.h */ = {isa = PBXFileReference; explicitFileType = sourcecode.c.h; fileEncoding = 30; name = ofxTactoButtonOnOff.h; path = ../../../addons/ofxTactoSonixTools/src/UI/ofxTactoButtonOnOff.h; sourceTree = SOURCE_ROOT; };
		15600BDD18AF596400767285 /* ofxTactoSHPM.cpp */ = {isa = PBXFileReference; explicitFileType = sourcecode.cpp.cpp; fileEncoding = 30; name = ofxTactoSHPM.cpp; path = ../../../addons/ofxTactoSonixTools/src/UI/ofxTactoSHPM.cpp; sourceTree = SOURCE_ROOT; };
		15600BDE18AF596400767285 /* ofxTactoSHPM.h */ = {isa = PBXFileReference; explicitFileType = sourcecode.c.h; fileEncoding = 30; name = ofxTactoSHPM.h; path = ../../../addons/ofxTactoSonixTools/src/UI/ofxTactoSHPM.h; sourceTree = SOURCE_ROOT; };
		15600BDF18AF596400767285 /* ofxTactoSHPMNode.cpp */ = {isa = PBXFileReference; explicitFileType = sourcecode.cpp.cpp; fileEncoding = 30; name = ofxTactoSHPMNode.cpp; path = ../../../addons/ofxTactoSonixTools/src/UI/ofxTactoSHPMNode.cpp; sourceTree = SOURCE_ROOT; };
		15600BE018AF596400767285 /* ofxTactoSHPMNode.h */ = {isa = PBXFileReference; explicitFileType = sourcecode.c.h; fileEncoding = 30; name = ofxTactoSHPMNode.h; path = ../../../addons/ofxTactoSonixTools/src/UI/ofxTactoSHPMNode.h; sourceTree = SOURCE_ROOT; };
		15600BE118AF596400767285 /* ofxTactoStain.cpp */ = {isa = PBXFileReference; explicitFileType = sourcecode.cpp.cpp; fileEncoding = 30; name = ofxTactoStain.cpp; path = ../../../addons/ofxTactoSonixTools/src/UI/ofxTactoStain.cpp; sourceTree = SOURCE_ROOT; };
		15600BE218AF596400767285 /* ofxTactoStain.h */ = {isa = PBXFileReference; explicitFileType = sourcecode.c.h; fileEncoding = 30; name = ofxTactoStain.h; path = ../../../addons/ofxTactoSonixTools/src/UI/ofxTactoStain.h; sourceTree = SOURCE_ROOT; };
		15600BE618AF596400767285 /* ofxTextBlock.cpp */ = {isa = PBXFileReference; explicitFileType = sourcecode.cpp.cpp; fileEncoding = 30; name = ofxTextBlock.cpp; path = ../../../addons/ofxTextSuite/src/ofxTextBlock.cpp; sourceTree = SOURCE_ROOT; };
		15600BE718AF596400767285 /* ofxTextBlock.h */ = {isa = PBXFileReference; explicitFileType = sourcecode.c.h; fileEncoding = 30; name = ofxTextBlock.h; path = ../../../addons/ofxTextSuite/src/ofxTextBlock.h; sourceTree = SOURCE_ROOT; };
		15600BE818AF596400767285 /* ofxTextSuite.h */ = {isa = PBXFileReference; explicitFileType = sourcecode.c.h; fileEncoding = 30; name = ofxTextSuite.h; path = ../../../addons/ofxTextSuite/src/ofxTextSuite.h; sourceTree = SOURCE_ROOT; };
		BBAB23BE13894E4700AA2426 /* GLUT.framework */ = {isa = PBXFileReference; lastKnownFileType = wrapper.framework; name = GLUT.framework; path = ../../../libs/glut/lib/osx/GLUT.framework; sourceTree = "<group>"; };
		E4328143138ABC890047C5CB /* openFrameworksLib.xcodeproj */ = {isa = PBXFileReference; lastKnownFileType = "wrapper.pb-project"; name = openFrameworksLib.xcodeproj; path = ../../../libs/openFrameworksCompiled/project/osx/openFrameworksLib.xcodeproj; sourceTree = SOURCE_ROOT; };
		E45BE9710E8CC7DD009D7055 /* AGL.framework */ = {isa = PBXFileReference; lastKnownFileType = wrapper.framework; name = AGL.framework; path = /System/Library/Frameworks/AGL.framework; sourceTree = "<absolute>"; };
		E45BE9720E8CC7DD009D7055 /* ApplicationServices.framework */ = {isa = PBXFileReference; lastKnownFileType = wrapper.framework; name = ApplicationServices.framework; path = /System/Library/Frameworks/ApplicationServices.framework; sourceTree = "<absolute>"; };
		E45BE9730E8CC7DD009D7055 /* AudioToolbox.framework */ = {isa = PBXFileReference; lastKnownFileType = wrapper.framework; name = AudioToolbox.framework; path = /System/Library/Frameworks/AudioToolbox.framework; sourceTree = "<absolute>"; };
		E45BE9740E8CC7DD009D7055 /* Carbon.framework */ = {isa = PBXFileReference; lastKnownFileType = wrapper.framework; name = Carbon.framework; path = /System/Library/Frameworks/Carbon.framework; sourceTree = "<absolute>"; };
		E45BE9750E8CC7DD009D7055 /* CoreAudio.framework */ = {isa = PBXFileReference; lastKnownFileType = wrapper.framework; name = CoreAudio.framework; path = /System/Library/Frameworks/CoreAudio.framework; sourceTree = "<absolute>"; };
		E45BE9760E8CC7DD009D7055 /* CoreFoundation.framework */ = {isa = PBXFileReference; lastKnownFileType = wrapper.framework; name = CoreFoundation.framework; path = /System/Library/Frameworks/CoreFoundation.framework; sourceTree = "<absolute>"; };
		E45BE9770E8CC7DD009D7055 /* CoreServices.framework */ = {isa = PBXFileReference; lastKnownFileType = wrapper.framework; name = CoreServices.framework; path = /System/Library/Frameworks/CoreServices.framework; sourceTree = "<absolute>"; };
		E45BE9790E8CC7DD009D7055 /* OpenGL.framework */ = {isa = PBXFileReference; lastKnownFileType = wrapper.framework; name = OpenGL.framework; path = /System/Library/Frameworks/OpenGL.framework; sourceTree = "<absolute>"; };
		E45BE97A0E8CC7DD009D7055 /* QuickTime.framework */ = {isa = PBXFileReference; lastKnownFileType = wrapper.framework; name = QuickTime.framework; path = /System/Library/Frameworks/QuickTime.framework; sourceTree = "<absolute>"; };
		E4B69B5B0A3A1756003C02F2 /* tactoSonixDebug.app */ = {isa = PBXFileReference; explicitFileType = wrapper.application; includeInIndex = 0; path = tactoSonixDebug.app; sourceTree = BUILT_PRODUCTS_DIR; };
		E4B69E1D0A3A1BDC003C02F2 /* main.cpp */ = {isa = PBXFileReference; fileEncoding = 30; lastKnownFileType = sourcecode.cpp.cpp; name = main.cpp; path = src/main.cpp; sourceTree = SOURCE_ROOT; };
		E4B69E1E0A3A1BDC003C02F2 /* testApp.cpp */ = {isa = PBXFileReference; explicitFileType = sourcecode.cpp.cpp; fileEncoding = 30; name = testApp.cpp; path = src/testApp.cpp; sourceTree = SOURCE_ROOT; };
		E4B69E1F0A3A1BDC003C02F2 /* testApp.h */ = {isa = PBXFileReference; fileEncoding = 30; lastKnownFileType = sourcecode.c.h; name = testApp.h; path = src/testApp.h; sourceTree = SOURCE_ROOT; };
		E4B6FCAD0C3E899E008CF71C /* openFrameworks-Info.plist */ = {isa = PBXFileReference; fileEncoding = 30; lastKnownFileType = text.plist.xml; path = "openFrameworks-Info.plist"; sourceTree = "<group>"; };
		E4C2424410CC5A17004149E2 /* AppKit.framework */ = {isa = PBXFileReference; lastKnownFileType = wrapper.framework; name = AppKit.framework; path = /System/Library/Frameworks/AppKit.framework; sourceTree = "<absolute>"; };
		E4C2424510CC5A17004149E2 /* Cocoa.framework */ = {isa = PBXFileReference; lastKnownFileType = wrapper.framework; name = Cocoa.framework; path = /System/Library/Frameworks/Cocoa.framework; sourceTree = "<absolute>"; };
		E4C2424610CC5A17004149E2 /* IOKit.framework */ = {isa = PBXFileReference; lastKnownFileType = wrapper.framework; name = IOKit.framework; path = /System/Library/Frameworks/IOKit.framework; sourceTree = "<absolute>"; };
		E4EB691F138AFCF100A09F29 /* CoreOF.xcconfig */ = {isa = PBXFileReference; fileEncoding = 4; lastKnownFileType = text.xcconfig; name = CoreOF.xcconfig; path = ../../../libs/openFrameworksCompiled/project/osx/CoreOF.xcconfig; sourceTree = SOURCE_ROOT; };
		E4EB6923138AFD0F00A09F29 /* Project.xcconfig */ = {isa = PBXFileReference; fileEncoding = 4; lastKnownFileType = text.xcconfig; path = Project.xcconfig; sourceTree = "<group>"; };
		E7E077E415D3B63C0020DFD4 /* CoreVideo.framework */ = {isa = PBXFileReference; lastKnownFileType = wrapper.framework; name = CoreVideo.framework; path = /System/Library/Frameworks/CoreVideo.framework; sourceTree = "<absolute>"; };
		E7E077E715D3B6510020DFD4 /* QTKit.framework */ = {isa = PBXFileReference; lastKnownFileType = wrapper.framework; name = QTKit.framework; path = /System/Library/Frameworks/QTKit.framework; sourceTree = "<absolute>"; };
		E7F985F515E0DE99003869B5 /* Accelerate.framework */ = {isa = PBXFileReference; lastKnownFileType = wrapper.framework; name = Accelerate.framework; path = /System/Library/Frameworks/Accelerate.framework; sourceTree = "<absolute>"; };
/* End PBXFileReference section */

/* Begin PBXFrameworksBuildPhase section */
		E4B69B590A3A1756003C02F2 /* Frameworks */ = {
			isa = PBXFrameworksBuildPhase;
			buildActionMask = 2147483647;
			files = (
				E7F985F815E0DEA3003869B5 /* Accelerate.framework in Frameworks */,
				E7E077E815D3B6510020DFD4 /* QTKit.framework in Frameworks */,
				E4EB6799138ADC1D00A09F29 /* GLUT.framework in Frameworks */,
				E4328149138ABC9F0047C5CB /* openFrameworks.a in Frameworks */,
				E45BE97B0E8CC7DD009D7055 /* AGL.framework in Frameworks */,
				E45BE97C0E8CC7DD009D7055 /* ApplicationServices.framework in Frameworks */,
				E45BE97D0E8CC7DD009D7055 /* AudioToolbox.framework in Frameworks */,
				E45BE97E0E8CC7DD009D7055 /* Carbon.framework in Frameworks */,
				E45BE97F0E8CC7DD009D7055 /* CoreAudio.framework in Frameworks */,
				E45BE9800E8CC7DD009D7055 /* CoreFoundation.framework in Frameworks */,
				E45BE9810E8CC7DD009D7055 /* CoreServices.framework in Frameworks */,
				E45BE9830E8CC7DD009D7055 /* OpenGL.framework in Frameworks */,
				E45BE9840E8CC7DD009D7055 /* QuickTime.framework in Frameworks */,
				E4C2424710CC5A17004149E2 /* AppKit.framework in Frameworks */,
				E4C2424810CC5A17004149E2 /* Cocoa.framework in Frameworks */,
				E4C2424910CC5A17004149E2 /* IOKit.framework in Frameworks */,
				E7E077E515D3B63C0020DFD4 /* CoreVideo.framework in Frameworks */,
			);
			runOnlyForDeploymentPostprocessing = 0;
		};
/* End PBXFrameworksBuildPhase section */

/* Begin PBXGroup section */
		15600B9418AF596400767285 /* src */ = {
			isa = PBXGroup;
			children = (
				15600B8A18AF596400767285 /* ofxOsc.h */,
				15600B8B18AF596400767285 /* ofxOscArg.h */,
				15600B8C18AF596400767285 /* ofxOscBundle.cpp */,
				15600B8D18AF596400767285 /* ofxOscBundle.h */,
				15600B8E18AF596400767285 /* ofxOscMessage.cpp */,
				15600B8F18AF596400767285 /* ofxOscMessage.h */,
				15600B9018AF596400767285 /* ofxOscReceiver.cpp */,
				15600B9118AF596400767285 /* ofxOscReceiver.h */,
				15600B9218AF596400767285 /* ofxOscSender.cpp */,
				15600B9318AF596400767285 /* ofxOscSender.h */,
			);
			name = src;
			sourceTree = "<group>";
		};
		15600B9B18AF596400767285 /* posix */ = {
			isa = PBXGroup;
			children = (
				15600B9918AF596400767285 /* NetworkingUtils.cpp */,
				15600B9A18AF596400767285 /* UdpSocket.cpp */,
			);
			name = posix;
			sourceTree = "<group>";
		};
		15600BA018AF596400767285 /* win32 */ = {
			isa = PBXGroup;
			children = (
				15600B9E18AF596400767285 /* NetworkingUtilsWin.cpp */,
				15600B9F18AF596400767285 /* UdpSocketWin.cpp */,
			);
			name = win32;
			sourceTree = "<group>";
		};
		15600BA118AF596400767285 /* ip */ = {
			isa = PBXGroup;
			children = (
				15600B9518AF596400767285 /* IpEndpointName.cpp */,
				15600B9618AF596400767285 /* IpEndpointName.h */,
				15600B9718AF596400767285 /* NetworkingUtils.h */,
				15600B9818AF596400767285 /* PacketListener.h */,
				15600B9B18AF596400767285 /* posix */,
				15600B9C18AF596400767285 /* TimerListener.h */,
				15600B9D18AF596400767285 /* UdpSocket.h */,
				15600BA018AF596400767285 /* win32 */,
			);
			name = ip;
			sourceTree = "<group>";
		};
		15600BAE18AF596400767285 /* osc */ = {
			isa = PBXGroup;
			children = (
				15600BA218AF596400767285 /* MessageMappingOscPacketListener.h */,
				15600BA318AF596400767285 /* OscException.h */,
				15600BA418AF596400767285 /* OscHostEndianness.h */,
				15600BA518AF596400767285 /* OscOutboundPacketStream.cpp */,
				15600BA618AF596400767285 /* OscOutboundPacketStream.h */,
				15600BA718AF596400767285 /* OscPacketListener.h */,
				15600BA818AF596400767285 /* OscPrintReceivedElements.cpp */,
				15600BA918AF596400767285 /* OscPrintReceivedElements.h */,
				15600BAA18AF596400767285 /* OscReceivedElements.cpp */,
				15600BAB18AF596400767285 /* OscReceivedElements.h */,
				15600BAC18AF596400767285 /* OscTypes.cpp */,
				15600BAD18AF596400767285 /* OscTypes.h */,
			);
			name = osc;
			sourceTree = "<group>";
		};
		15600BAF18AF596400767285 /* src */ = {
			isa = PBXGroup;
			children = (
				15600BA118AF596400767285 /* ip */,
				15600BAE18AF596400767285 /* osc */,
			);
			name = src;
			sourceTree = "<group>";
		};
		15600BB018AF596400767285 /* oscpack */ = {
			isa = PBXGroup;
			children = (
				15600BAF18AF596400767285 /* src */,
			);
			name = oscpack;
			sourceTree = "<group>";
		};
		15600BB118AF596400767285 /* libs */ = {
			isa = PBXGroup;
			children = (
				15600BB018AF596400767285 /* oscpack */,
			);
			name = libs;
			sourceTree = "<group>";
		};
		15600BB218AF596400767285 /* ofxOsc */ = {
			isa = PBXGroup;
			children = (
				15600B9418AF596400767285 /* src */,
				15600BB118AF596400767285 /* libs */,
			);
			name = ofxOsc;
			sourceTree = "<group>";
		};
		15600BB518AF596400767285 /* src */ = {
			isa = PBXGroup;
			children = (
				15600BB318AF596400767285 /* ofxXmlSettings.cpp */,
				15600BB418AF596400767285 /* ofxXmlSettings.h */,
			);
			name = src;
			sourceTree = "<group>";
		};
		15600BBA18AF596400767285 /* libs */ = {
			isa = PBXGroup;
			children = (
				15600BB618AF596400767285 /* tinyxml.cpp */,
				15600BB718AF596400767285 /* tinyxml.h */,
				15600BB818AF596400767285 /* tinyxmlerror.cpp */,
				15600BB918AF596400767285 /* tinyxmlparser.cpp */,
			);
			name = libs;
			sourceTree = "<group>";
		};
		15600BBB18AF596400767285 /* ofxXmlSettings */ = {
			isa = PBXGroup;
			children = (
				15600BB518AF596400767285 /* src */,
				15600BBA18AF596400767285 /* libs */,
			);
			name = ofxXmlSettings;
			sourceTree = "<group>";
		};
		15600BCB18AF596400767285 /* src */ = {
			isa = PBXGroup;
			children = (
				15600BBC18AF596400767285 /* ofOscParameter.h */,
				15600BBD18AF596400767285 /* ofParameter.h */,
				15600BBE18AF596400767285 /* ofxBaseGui.cpp */,
				15600BBF18AF596400767285 /* ofxBaseGui.h */,
				15600BC018AF596400767285 /* ofxButton.cpp */,
				15600BC118AF596400767285 /* ofxButton.h */,
				15600BC218AF596400767285 /* ofxGui.h */,
				15600BC318AF596400767285 /* ofxLabel.cpp */,
				15600BC418AF596400767285 /* ofxLabel.h */,
				15600BC518AF596400767285 /* ofxPanel.cpp */,
				15600BC618AF596400767285 /* ofxPanel.h */,
				15600BC718AF596400767285 /* ofxSlider.cpp */,
				15600BC818AF596400767285 /* ofxSlider.h */,
				15600BC918AF596400767285 /* ofxToggle.cpp */,
				15600BCA18AF596400767285 /* ofxToggle.h */,
			);
			name = src;
			sourceTree = "<group>";
		};
		15600BCC18AF596400767285 /* ofxGui */ = {
			isa = PBXGroup;
			children = (
				15600BCB18AF596400767285 /* src */,
			);
			name = ofxGui;
			sourceTree = "<group>";
		};
		15600BD218AF596400767285 /* src */ = {
			isa = PBXGroup;
			children = (
				15600BCE18AF596400767285 /* ofxParticleEmitter.cpp */,
				15600BCF18AF596400767285 /* ofxParticleEmitter.h */,
			);
			name = src;
			sourceTree = "<group>";
		};
		15600BD318AF596400767285 /* ofxParticleEmitter */ = {
			isa = PBXGroup;
			children = (
				15600BD218AF596400767285 /* src */,
			);
			name = ofxParticleEmitter;
			sourceTree = "<group>";
		};
		15600BE318AF596400767285 /* UI */ = {
			isa = PBXGroup;
			children = (
				15600BD918AF596400767285 /* ofxTactoBeatNode.cpp */,
				15600BDA18AF596400767285 /* ofxTactoBeatNode.h */,
				15600BDB18AF596400767285 /* ofxTactoButtonOnOff.cpp */,
				15600BDC18AF596400767285 /* ofxTactoButtonOnOff.h */,
				15600BDD18AF596400767285 /* ofxTactoSHPM.cpp */,
				15600BDE18AF596400767285 /* ofxTactoSHPM.h */,
				15600BDF18AF596400767285 /* ofxTactoSHPMNode.cpp */,
				15600BE018AF596400767285 /* ofxTactoSHPMNode.h */,
				15600BE118AF596400767285 /* ofxTactoStain.cpp */,
				15600BE218AF596400767285 /* ofxTactoStain.h */,
			);
			name = UI;
			sourceTree = "<group>";
		};
		15600BE418AF596400767285 /* src */ = {
			isa = PBXGroup;
			children = (
				15600BD418AF596400767285 /* ofxTactoBlob.cpp */,
				15600BD518AF596400767285 /* ofxTactoBlob.h */,
				15600BD618AF596400767285 /* ofxTactoHandler.cpp */,
				15600BD718AF596400767285 /* ofxTactoHandler.h */,
				15600BD818AF596400767285 /* TactosonixHelpers.h */,
				15600BE318AF596400767285 /* UI */,
			);
			name = src;
			sourceTree = "<group>";
		};
		15600BE518AF596400767285 /* ofxTactoSonixTools */ = {
			isa = PBXGroup;
			children = (
				15600BE418AF596400767285 /* src */,
			);
			name = ofxTactoSonixTools;
			sourceTree = "<group>";
		};
		15600BE918AF596400767285 /* src */ = {
			isa = PBXGroup;
			children = (
				15600BE618AF596400767285 /* ofxTextBlock.cpp */,
				15600BE718AF596400767285 /* ofxTextBlock.h */,
				15600BE818AF596400767285 /* ofxTextSuite.h */,
			);
			name = src;
			sourceTree = "<group>";
		};
		15600BEA18AF596400767285 /* ofxTextSuite */ = {
			isa = PBXGroup;
			children = (
				15600BE918AF596400767285 /* src */,
			);
			name = ofxTextSuite;
			sourceTree = "<group>";
		};
		BB4B014C10F69532006C3DED /* addons */ = {
			isa = PBXGroup;
			children = (
				15600BB218AF596400767285 /* ofxOsc */,
				15600BBB18AF596400767285 /* ofxXmlSettings */,
				15600BCC18AF596400767285 /* ofxGui */,
				15600BD318AF596400767285 /* ofxParticleEmitter */,
				15600BE518AF596400767285 /* ofxTactoSonixTools */,
				15600BEA18AF596400767285 /* ofxTextSuite */,
			);
			name = addons;
			sourceTree = "<group>";
		};
		BBAB23C913894ECA00AA2426 /* system frameworks */ = {
			isa = PBXGroup;
			children = (
				E7F985F515E0DE99003869B5 /* Accelerate.framework */,
				E4C2424410CC5A17004149E2 /* AppKit.framework */,
				E4C2424510CC5A17004149E2 /* Cocoa.framework */,
				E4C2424610CC5A17004149E2 /* IOKit.framework */,
				E45BE9710E8CC7DD009D7055 /* AGL.framework */,
				E45BE9720E8CC7DD009D7055 /* ApplicationServices.framework */,
				E45BE9730E8CC7DD009D7055 /* AudioToolbox.framework */,
				E45BE9740E8CC7DD009D7055 /* Carbon.framework */,
				E45BE9750E8CC7DD009D7055 /* CoreAudio.framework */,
				E45BE9760E8CC7DD009D7055 /* CoreFoundation.framework */,
				E45BE9770E8CC7DD009D7055 /* CoreServices.framework */,
				E45BE9790E8CC7DD009D7055 /* OpenGL.framework */,
				E45BE97A0E8CC7DD009D7055 /* QuickTime.framework */,
				E7E077E415D3B63C0020DFD4 /* CoreVideo.framework */,
				E7E077E715D3B6510020DFD4 /* QTKit.framework */,
			);
			name = "system frameworks";
			sourceTree = "<group>";
		};
		BBAB23CA13894EDB00AA2426 /* 3rd party frameworks */ = {
			isa = PBXGroup;
			children = (
				BBAB23BE13894E4700AA2426 /* GLUT.framework */,
			);
			name = "3rd party frameworks";
			sourceTree = "<group>";
		};
		E4328144138ABC890047C5CB /* Products */ = {
			isa = PBXGroup;
			children = (
				E4328148138ABC890047C5CB /* openFrameworks.a */,
			);
			name = Products;
			sourceTree = "<group>";
		};
		E45BE5980E8CC70C009D7055 /* frameworks */ = {
			isa = PBXGroup;
			children = (
				BBAB23CA13894EDB00AA2426 /* 3rd party frameworks */,
				BBAB23C913894ECA00AA2426 /* system frameworks */,
			);
			name = frameworks;
			sourceTree = "<group>";
		};
		E4B69B4A0A3A1720003C02F2 = {
			isa = PBXGroup;
			children = (
				E4B6FCAD0C3E899E008CF71C /* openFrameworks-Info.plist */,
				E4EB6923138AFD0F00A09F29 /* Project.xcconfig */,
				E4B69E1C0A3A1BDC003C02F2 /* src */,
				E4EEC9E9138DF44700A80321 /* openFrameworks */,
				BB4B014C10F69532006C3DED /* addons */,
				E45BE5980E8CC70C009D7055 /* frameworks */,
				E4B69B5B0A3A1756003C02F2 /* tactoSonixDebug.app */,
			);
			sourceTree = "<group>";
		};
		E4B69E1C0A3A1BDC003C02F2 /* src */ = {
			isa = PBXGroup;
			children = (
				E4B69E1D0A3A1BDC003C02F2 /* main.cpp */,
				E4B69E1E0A3A1BDC003C02F2 /* testApp.cpp */,
				E4B69E1F0A3A1BDC003C02F2 /* testApp.h */,
				15600B7E18AF596400767285 /* demoParticle.cpp */,
				15600B7F18AF596400767285 /* demoParticle.h */,
				15600B8018AF596400767285 /* metaphorKitchen.cpp */,
				15600B8118AF596400767285 /* metaphorKitchen.h */,
				15600B8218AF596400767285 /* ofxCookableNode.cpp */,
				15600B8318AF596400767285 /* ofxCookableNode.h */,
				15600B8418AF596400767285 /* ofxMusicalNote.cpp */,
				15600B8518AF596400767285 /* ofxMusicalNote.h */,
				15600B8618AF596400767285 /* ofxPot.cpp */,
				15600B8718AF596400767285 /* ofxPot.h */,
				15600B8818AF596400767285 /* ofxStovetop.cpp */,
				15600B8918AF596400767285 /* ofxStovetop.h */,
			);
			path = src;
			sourceTree = SOURCE_ROOT;
		};
		E4EEC9E9138DF44700A80321 /* openFrameworks */ = {
			isa = PBXGroup;
			children = (
				E4EB691F138AFCF100A09F29 /* CoreOF.xcconfig */,
				E4328143138ABC890047C5CB /* openFrameworksLib.xcodeproj */,
			);
			name = openFrameworks;
			sourceTree = "<group>";
		};
/* End PBXGroup section */

/* Begin PBXNativeTarget section */
		E4B69B5A0A3A1756003C02F2 /* tactoSonix */ = {
			isa = PBXNativeTarget;
			buildConfigurationList = E4B69B5F0A3A1757003C02F2 /* Build configuration list for PBXNativeTarget "tactoSonix" */;
			buildPhases = (
				E4B69B580A3A1756003C02F2 /* Sources */,
				E4B69B590A3A1756003C02F2 /* Frameworks */,
				E4B6FFFD0C3F9AB9008CF71C /* ShellScript */,
				E4C2427710CC5ABF004149E2 /* CopyFiles */,
			);
			buildRules = (
			);
			dependencies = (
				E4EEB9AC138B136A00A80321 /* PBXTargetDependency */,
			);
			name = tactoSonix;
			productName = myOFApp;
			productReference = E4B69B5B0A3A1756003C02F2 /* tactoSonixDebug.app */;
			productType = "com.apple.product-type.application";
		};
/* End PBXNativeTarget section */

/* Begin PBXProject section */
		E4B69B4C0A3A1720003C02F2 /* Project object */ = {
			isa = PBXProject;
			buildConfigurationList = E4B69B4D0A3A1720003C02F2 /* Build configuration list for PBXProject "tactoSonix" */;
			compatibilityVersion = "Xcode 2.4";
			developmentRegion = English;
			hasScannedForEncodings = 0;
			knownRegions = (
				English,
				Japanese,
				French,
				German,
			);
			mainGroup = E4B69B4A0A3A1720003C02F2;
			productRefGroup = E4B69B4A0A3A1720003C02F2;
			projectDirPath = "";
			projectReferences = (
				{
					ProductGroup = E4328144138ABC890047C5CB /* Products */;
					ProjectRef = E4328143138ABC890047C5CB /* openFrameworksLib.xcodeproj */;
				},
			);
			projectRoot = "";
			targets = (
				E4B69B5A0A3A1756003C02F2 /* tactoSonix */,
			);
		};
/* End PBXProject section */

/* Begin PBXReferenceProxy section */
		E4328148138ABC890047C5CB /* openFrameworks.a */ = {
			isa = PBXReferenceProxy;
			fileType = archive.ar;
			path = openFrameworks.a;
			remoteRef = E4328147138ABC890047C5CB /* PBXContainerItemProxy */;
			sourceTree = BUILT_PRODUCTS_DIR;
		};
/* End PBXReferenceProxy section */

/* Begin PBXShellScriptBuildPhase section */
		E4B6FFFD0C3F9AB9008CF71C /* ShellScript */ = {
			isa = PBXShellScriptBuildPhase;
			buildActionMask = 2147483647;
			files = (
			);
			inputPaths = (
			);
			outputPaths = (
			);
			runOnlyForDeploymentPostprocessing = 0;
			shellPath = /bin/sh;
			shellScript = "cp -f ../../../libs/fmodex/lib/osx/libfmodex.dylib \"$TARGET_BUILD_DIR/$PRODUCT_NAME.app/Contents/MacOS/libfmodex.dylib\"; install_name_tool -change ./libfmodex.dylib @executable_path/libfmodex.dylib \"$TARGET_BUILD_DIR/$PRODUCT_NAME.app/Contents/MacOS/$PRODUCT_NAME\";";
		};
/* End PBXShellScriptBuildPhase section */

/* Begin PBXSourcesBuildPhase section */
		E4B69B580A3A1756003C02F2 /* Sources */ = {
			isa = PBXSourcesBuildPhase;
			buildActionMask = 2147483647;
			files = (
				E4B69E200A3A1BDC003C02F2 /* main.cpp in Sources */,
				E4B69E210A3A1BDC003C02F2 /* testApp.cpp in Sources */,
				15600BEF18AF596400767285 /* demoParticle.cpp in Sources */,
				15600BF018AF596400767285 /* metaphorKitchen.cpp in Sources */,
				15600BF118AF596400767285 /* ofxCookableNode.cpp in Sources */,
				15600BF218AF596400767285 /* ofxMusicalNote.cpp in Sources */,
				15600BF318AF596400767285 /* ofxPot.cpp in Sources */,
				15600BF418AF596400767285 /* ofxStovetop.cpp in Sources */,
				15600BF518AF596400767285 /* ofxOscBundle.cpp in Sources */,
				15600BF618AF596400767285 /* ofxOscMessage.cpp in Sources */,
				15600BF718AF596400767285 /* ofxOscReceiver.cpp in Sources */,
				15600BF818AF596400767285 /* ofxOscSender.cpp in Sources */,
				15600BF918AF596400767285 /* IpEndpointName.cpp in Sources */,
				15600BFA18AF596400767285 /* NetworkingUtils.cpp in Sources */,
				15600BFB18AF596400767285 /* UdpSocket.cpp in Sources */,
				15600BFC18AF596400767285 /* NetworkingUtilsWin.cpp in Sources */,
				15600BFD18AF596400767285 /* UdpSocketWin.cpp in Sources */,
				15600BFE18AF596400767285 /* OscOutboundPacketStream.cpp in Sources */,
				15600BFF18AF596400767285 /* OscPrintReceivedElements.cpp in Sources */,
				15600C0018AF596400767285 /* OscReceivedElements.cpp in Sources */,
				15600C0118AF596400767285 /* OscTypes.cpp in Sources */,
				15600C0218AF596400767285 /* ofxXmlSettings.cpp in Sources */,
				15600C0318AF596400767285 /* tinyxml.cpp in Sources */,
				15600C0418AF596400767285 /* tinyxmlerror.cpp in Sources */,
				15600C0518AF596400767285 /* tinyxmlparser.cpp in Sources */,
				15600C0618AF596400767285 /* ofxBaseGui.cpp in Sources */,
				15600C0718AF596400767285 /* ofxButton.cpp in Sources */,
				15600C0818AF596400767285 /* ofxLabel.cpp in Sources */,
				15600C0918AF596400767285 /* ofxPanel.cpp in Sources */,
				15600C0A18AF596400767285 /* ofxSlider.cpp in Sources */,
				15600C0B18AF596400767285 /* ofxToggle.cpp in Sources */,
				15600C0D18AF596400767285 /* ofxParticleEmitter.cpp in Sources */,
				15600C0F18AF596400767285 /* ofxTactoBlob.cpp in Sources */,
				15600C1018AF596400767285 /* ofxTactoHandler.cpp in Sources */,
				15600C1118AF596400767285 /* ofxTactoBeatNode.cpp in Sources */,
				15600C1218AF596400767285 /* ofxTactoButtonOnOff.cpp in Sources */,
				15600C1318AF596400767285 /* ofxTactoSHPM.cpp in Sources */,
				15600C1418AF596400767285 /* ofxTactoSHPMNode.cpp in Sources */,
				15600C1518AF596400767285 /* ofxTactoStain.cpp in Sources */,
				15600C1618AF596400767285 /* ofxTextBlock.cpp in Sources */,
			);
			runOnlyForDeploymentPostprocessing = 0;
		};
/* End PBXSourcesBuildPhase section */

/* Begin PBXTargetDependency section */
		E4EEB9AC138B136A00A80321 /* PBXTargetDependency */ = {
			isa = PBXTargetDependency;
			name = openFrameworks;
			targetProxy = E4EEB9AB138B136A00A80321 /* PBXContainerItemProxy */;
		};
/* End PBXTargetDependency section */

/* Begin XCBuildConfiguration section */
		E4B69B4E0A3A1720003C02F2 /* Debug */ = {
			isa = XCBuildConfiguration;
			baseConfigurationReference = E4EB6923138AFD0F00A09F29 /* Project.xcconfig */;
			buildSettings = {
				ARCHS = "$(NATIVE_ARCH)";
				CONFIGURATION_BUILD_DIR = "$(SRCROOT)/bin/";
				COPY_PHASE_STRIP = NO;
				DEAD_CODE_STRIPPING = YES;
				GCC_AUTO_VECTORIZATION = YES;
				GCC_ENABLE_SSE3_EXTENSIONS = YES;
				GCC_ENABLE_SUPPLEMENTAL_SSE3_INSTRUCTIONS = YES;
				GCC_INLINES_ARE_PRIVATE_EXTERN = NO;
				GCC_OPTIMIZATION_LEVEL = 0;
				GCC_SYMBOLS_PRIVATE_EXTERN = NO;
				GCC_WARN_ABOUT_DEPRECATED_FUNCTIONS = YES;
				GCC_WARN_ABOUT_INVALID_OFFSETOF_MACRO = NO;
				GCC_WARN_ALLOW_INCOMPLETE_PROTOCOL = NO;
				GCC_WARN_UNINITIALIZED_AUTOS = NO;
				GCC_WARN_UNUSED_VALUE = NO;
				GCC_WARN_UNUSED_VARIABLE = NO;
				HEADER_SEARCH_PATHS = (
					"$(OF_CORE_HEADERS)",
					src,
					../../../addons/ofxOsc/libs,
					../../../addons/ofxOsc/libs/oscpack,
					../../../addons/ofxOsc/libs/oscpack/src,
					../../../addons/ofxOsc/libs/oscpack/src/ip,
					../../../addons/ofxOsc/libs/oscpack/src/ip/posix,
					../../../addons/ofxOsc/libs/oscpack/src/ip/win32,
					../../../addons/ofxOsc/libs/oscpack/src/osc,
					../../../addons/ofxOsc/src,
					../../../addons/ofxXmlSettings/libs,
					../../../addons/ofxXmlSettings/src,
					../../../addons/ofxGui/libs,
					../../../addons/ofxGui/src,
					../../../addons/ofxParticleEmitter/libs,
					../../../addons/ofxParticleEmitter/src,
					../../../addons/ofxTactoSonixTools/libs,
					../../../addons/ofxTactoSonixTools/src,
					../../../addons/ofxTactoSonixTools/src/UI,
					../../../addons/ofxTextSuite/libs,
					../../../addons/ofxTextSuite/src,
				);
				OTHER_CPLUSPLUSFLAGS = (
					"-D__MACOSX_CORE__",
					"-lpthread",
					"-mtune=native",
				);
				SDKROOT = macosx;
			};
			name = Debug;
		};
		E4B69B4F0A3A1720003C02F2 /* Release */ = {
			isa = XCBuildConfiguration;
			baseConfigurationReference = E4EB6923138AFD0F00A09F29 /* Project.xcconfig */;
			buildSettings = {
				ARCHS = "$(NATIVE_ARCH)";
				CONFIGURATION_BUILD_DIR = "$(SRCROOT)/bin/";
				COPY_PHASE_STRIP = YES;
				DEAD_CODE_STRIPPING = YES;
				GCC_AUTO_VECTORIZATION = YES;
				GCC_ENABLE_SSE3_EXTENSIONS = YES;
				GCC_ENABLE_SUPPLEMENTAL_SSE3_INSTRUCTIONS = YES;
				GCC_INLINES_ARE_PRIVATE_EXTERN = NO;
				GCC_OPTIMIZATION_LEVEL = 3;
				GCC_SYMBOLS_PRIVATE_EXTERN = NO;
				GCC_UNROLL_LOOPS = YES;
				GCC_WARN_ABOUT_DEPRECATED_FUNCTIONS = YES;
				GCC_WARN_ABOUT_INVALID_OFFSETOF_MACRO = NO;
				GCC_WARN_ALLOW_INCOMPLETE_PROTOCOL = NO;
				GCC_WARN_UNINITIALIZED_AUTOS = NO;
				GCC_WARN_UNUSED_VALUE = NO;
				GCC_WARN_UNUSED_VARIABLE = NO;
				HEADER_SEARCH_PATHS = (
					"$(OF_CORE_HEADERS)",
					src,
					../../../addons/ofxOsc/libs,
					../../../addons/ofxOsc/libs/oscpack,
					../../../addons/ofxOsc/libs/oscpack/src,
					../../../addons/ofxOsc/libs/oscpack/src/ip,
					../../../addons/ofxOsc/libs/oscpack/src/ip/posix,
					../../../addons/ofxOsc/libs/oscpack/src/ip/win32,
					../../../addons/ofxOsc/libs/oscpack/src/osc,
					../../../addons/ofxOsc/src,
					../../../addons/ofxXmlSettings/libs,
					../../../addons/ofxXmlSettings/src,
					../../../addons/ofxGui/libs,
					../../../addons/ofxGui/src,
					../../../addons/ofxParticleEmitter/libs,
					../../../addons/ofxParticleEmitter/src,
					../../../addons/ofxTactoSonixTools/libs,
					../../../addons/ofxTactoSonixTools/src,
					../../../addons/ofxTactoSonixTools/src/UI,
					../../../addons/ofxTextSuite/libs,
					../../../addons/ofxTextSuite/src,
				);
				OTHER_CPLUSPLUSFLAGS = (
					"-D__MACOSX_CORE__",
					"-lpthread",
					"-mtune=native",
				);
				SDKROOT = macosx;
			};
			name = Release;
		};
		E4B69B600A3A1757003C02F2 /* Debug */ = {
			isa = XCBuildConfiguration;
			buildSettings = {
				COPY_PHASE_STRIP = NO;
				FRAMEWORK_SEARCH_PATHS = (
					"$(inherited)",
					"$(FRAMEWORK_SEARCH_PATHS_QUOTED_FOR_TARGET_1)",
				);
				FRAMEWORK_SEARCH_PATHS_QUOTED_FOR_TARGET_1 = "\"$(SRCROOT)/../../../libs/glut/lib/osx\"";
				GCC_DYNAMIC_NO_PIC = NO;
				GCC_ENABLE_FIX_AND_CONTINUE = YES;
				GCC_GENERATE_DEBUGGING_SYMBOLS = YES;
				GCC_MODEL_TUNING = NONE;
				GCC_PRECOMPILE_PREFIX_HEADER = YES;
				GCC_PREFIX_HEADER = "$(SYSTEM_LIBRARY_DIR)/Frameworks/Carbon.framework/Headers/Carbon.h";
				INFOPLIST_FILE = "openFrameworks-Info.plist";
				INSTALL_PATH = "$(HOME)/Applications";
				LIBRARY_SEARCH_PATHS = (
					"$(inherited)",
					"$(LIBRARY_SEARCH_PATHS_QUOTED_FOR_TARGET_1)",
					"$(LIBRARY_SEARCH_PATHS_QUOTED_FOR_TARGET_2)",
					"$(LIBRARY_SEARCH_PATHS_QUOTED_FOR_TARGET_3)",
					"$(LIBRARY_SEARCH_PATHS_QUOTED_FOR_TARGET_4)",
					"$(LIBRARY_SEARCH_PATHS_QUOTED_FOR_TARGET_5)",
					"$(LIBRARY_SEARCH_PATHS_QUOTED_FOR_TARGET_6)",
					"$(LIBRARY_SEARCH_PATHS_QUOTED_FOR_TARGET_7)",
					"$(LIBRARY_SEARCH_PATHS_QUOTED_FOR_TARGET_8)",
					"$(LIBRARY_SEARCH_PATHS_QUOTED_FOR_TARGET_9)",
					"$(LIBRARY_SEARCH_PATHS_QUOTED_FOR_TARGET_10)",
					"$(LIBRARY_SEARCH_PATHS_QUOTED_FOR_TARGET_11)",
					"$(LIBRARY_SEARCH_PATHS_QUOTED_FOR_TARGET_12)",
					"$(LIBRARY_SEARCH_PATHS_QUOTED_FOR_TARGET_13)",
					"$(LIBRARY_SEARCH_PATHS_QUOTED_FOR_TARGET_14)",
					"$(LIBRARY_SEARCH_PATHS_QUOTED_FOR_TARGET_15)",
					"$(LIBRARY_SEARCH_PATHS_QUOTED_FOR_TARGET_2)",
					"$(LIBRARY_SEARCH_PATHS_QUOTED_FOR_TARGET_3)",
					"$(LIBRARY_SEARCH_PATHS_QUOTED_FOR_TARGET_7)",
					"$(LIBRARY_SEARCH_PATHS_QUOTED_FOR_TARGET_8)",
					"$(LIBRARY_SEARCH_PATHS_QUOTED_FOR_TARGET_9)",
					"$(LIBRARY_SEARCH_PATHS_QUOTED_FOR_TARGET_10)",
					"$(LIBRARY_SEARCH_PATHS_QUOTED_FOR_TARGET_11)",
					"$(LIBRARY_SEARCH_PATHS_QUOTED_FOR_TARGET_12)",
					"$(LIBRARY_SEARCH_PATHS_QUOTED_FOR_TARGET_13)",
					"$(LIBRARY_SEARCH_PATHS_QUOTED_FOR_TARGET_16)",
					"$(LIBRARY_SEARCH_PATHS_QUOTED_FOR_TARGET_17)",
					"$(LIBRARY_SEARCH_PATHS_QUOTED_FOR_TARGET_18)",
					"$(LIBRARY_SEARCH_PATHS_QUOTED_FOR_TARGET_19)",
					"$(LIBRARY_SEARCH_PATHS_QUOTED_FOR_TARGET_20)",
					"$(LIBRARY_SEARCH_PATHS_QUOTED_FOR_TARGET_21)",
					"$(LIBRARY_SEARCH_PATHS_QUOTED_FOR_TARGET_22)",
					"$(LIBRARY_SEARCH_PATHS_QUOTED_FOR_TARGET_23)",
					"$(LIBRARY_SEARCH_PATHS_QUOTED_FOR_TARGET_24)",
					"$(LIBRARY_SEARCH_PATHS_QUOTED_FOR_TARGET_25)",
					"$(LIBRARY_SEARCH_PATHS_QUOTED_FOR_TARGET_26)",
					"$(LIBRARY_SEARCH_PATHS_QUOTED_FOR_TARGET_27)",
					"$(LIBRARY_SEARCH_PATHS_QUOTED_FOR_TARGET_28)",
					"$(LIBRARY_SEARCH_PATHS_QUOTED_FOR_TARGET_29)",
					"$(LIBRARY_SEARCH_PATHS_QUOTED_FOR_TARGET_30)",
					"$(LIBRARY_SEARCH_PATHS_QUOTED_FOR_TARGET_31)",
					"$(LIBRARY_SEARCH_PATHS_QUOTED_FOR_TARGET_32)",
					"$(LIBRARY_SEARCH_PATHS_QUOTED_FOR_TARGET_33)",
					"$(LIBRARY_SEARCH_PATHS_QUOTED_FOR_TARGET_34)",
					"$(LIBRARY_SEARCH_PATHS_QUOTED_FOR_TARGET_35)",
					"$(LIBRARY_SEARCH_PATHS_QUOTED_FOR_TARGET_36)",
					"$(LIBRARY_SEARCH_PATHS_QUOTED_FOR_TARGET_37)",
					"$(LIBRARY_SEARCH_PATHS_QUOTED_FOR_TARGET_38)",
					"$(LIBRARY_SEARCH_PATHS_QUOTED_FOR_TARGET_39)",
					"$(LIBRARY_SEARCH_PATHS_QUOTED_FOR_TARGET_40)",
					"$(LIBRARY_SEARCH_PATHS_QUOTED_FOR_TARGET_41)",
					"$(LIBRARY_SEARCH_PATHS_QUOTED_FOR_TARGET_42)",
					"$(LIBRARY_SEARCH_PATHS_QUOTED_FOR_TARGET_43)",
					"$(LIBRARY_SEARCH_PATHS_QUOTED_FOR_TARGET_44)",
					"$(LIBRARY_SEARCH_PATHS_QUOTED_FOR_TARGET_45)",
					"$(LIBRARY_SEARCH_PATHS_QUOTED_FOR_TARGET_46)",
					"$(LIBRARY_SEARCH_PATHS_QUOTED_FOR_TARGET_47)",
					"$(LIBRARY_SEARCH_PATHS_QUOTED_FOR_TARGET_48)",
					"$(LIBRARY_SEARCH_PATHS_QUOTED_FOR_TARGET_49)",
					"$(LIBRARY_SEARCH_PATHS_QUOTED_FOR_TARGET_50)",
					"$(LIBRARY_SEARCH_PATHS_QUOTED_FOR_TARGET_51)",
					"$(LIBRARY_SEARCH_PATHS_QUOTED_FOR_TARGET_52)",
				);
				PREBINDING = NO;
				PRODUCT_NAME = "$(TARGET_NAME)Debug";
				WRAPPER_EXTENSION = app;
			};
			name = Debug;
		};
		E4B69B610A3A1757003C02F2 /* Release */ = {
			isa = XCBuildConfiguration;
			buildSettings = {
				COPY_PHASE_STRIP = YES;
				FRAMEWORK_SEARCH_PATHS = (
					"$(inherited)",
					"$(FRAMEWORK_SEARCH_PATHS_QUOTED_FOR_TARGET_1)",
				);
				FRAMEWORK_SEARCH_PATHS_QUOTED_FOR_TARGET_1 = "\"$(SRCROOT)/../../../libs/glut/lib/osx\"";
				GCC_ENABLE_FIX_AND_CONTINUE = NO;
				GCC_GENERATE_DEBUGGING_SYMBOLS = YES;
				GCC_MODEL_TUNING = NONE;
				GCC_PRECOMPILE_PREFIX_HEADER = YES;
				GCC_PREFIX_HEADER = "$(SYSTEM_LIBRARY_DIR)/Frameworks/Carbon.framework/Headers/Carbon.h";
				INFOPLIST_FILE = "openFrameworks-Info.plist";
				INSTALL_PATH = "$(HOME)/Applications";
				LIBRARY_SEARCH_PATHS = (
					"$(inherited)",
					"$(LIBRARY_SEARCH_PATHS_QUOTED_FOR_TARGET_1)",
					"$(LIBRARY_SEARCH_PATHS_QUOTED_FOR_TARGET_2)",
					"$(LIBRARY_SEARCH_PATHS_QUOTED_FOR_TARGET_3)",
					"$(LIBRARY_SEARCH_PATHS_QUOTED_FOR_TARGET_4)",
					"$(LIBRARY_SEARCH_PATHS_QUOTED_FOR_TARGET_5)",
					"$(LIBRARY_SEARCH_PATHS_QUOTED_FOR_TARGET_6)",
					"$(LIBRARY_SEARCH_PATHS_QUOTED_FOR_TARGET_7)",
					"$(LIBRARY_SEARCH_PATHS_QUOTED_FOR_TARGET_8)",
					"$(LIBRARY_SEARCH_PATHS_QUOTED_FOR_TARGET_9)",
					"$(LIBRARY_SEARCH_PATHS_QUOTED_FOR_TARGET_10)",
					"$(LIBRARY_SEARCH_PATHS_QUOTED_FOR_TARGET_11)",
					"$(LIBRARY_SEARCH_PATHS_QUOTED_FOR_TARGET_12)",
					"$(LIBRARY_SEARCH_PATHS_QUOTED_FOR_TARGET_13)",
					"$(LIBRARY_SEARCH_PATHS_QUOTED_FOR_TARGET_14)",
					"$(LIBRARY_SEARCH_PATHS_QUOTED_FOR_TARGET_15)",
					"$(LIBRARY_SEARCH_PATHS_QUOTED_FOR_TARGET_2)",
					"$(LIBRARY_SEARCH_PATHS_QUOTED_1)",
					"$(LIBRARY_SEARCH_PATHS_QUOTED_FOR_TARGET_3)",
					"$(LIBRARY_SEARCH_PATHS_QUOTED_FOR_TARGET_7)",
					"$(LIBRARY_SEARCH_PATHS_QUOTED_FOR_TARGET_8)",
					"$(LIBRARY_SEARCH_PATHS_QUOTED_FOR_TARGET_9)",
					"$(LIBRARY_SEARCH_PATHS_QUOTED_FOR_TARGET_10)",
					"$(LIBRARY_SEARCH_PATHS_QUOTED_FOR_TARGET_11)",
					"$(LIBRARY_SEARCH_PATHS_QUOTED_FOR_TARGET_12)",
					"$(LIBRARY_SEARCH_PATHS_QUOTED_FOR_TARGET_13)",
					"$(LIBRARY_SEARCH_PATHS_QUOTED_FOR_TARGET_16)",
					"$(LIBRARY_SEARCH_PATHS_QUOTED_FOR_TARGET_17)",
					"$(LIBRARY_SEARCH_PATHS_QUOTED_FOR_TARGET_18)",
					"$(LIBRARY_SEARCH_PATHS_QUOTED_FOR_TARGET_19)",
					"$(LIBRARY_SEARCH_PATHS_QUOTED_FOR_TARGET_20)",
					"$(LIBRARY_SEARCH_PATHS_QUOTED_FOR_TARGET_21)",
					"$(LIBRARY_SEARCH_PATHS_QUOTED_FOR_TARGET_22)",
					"$(LIBRARY_SEARCH_PATHS_QUOTED_FOR_TARGET_23)",
					"$(LIBRARY_SEARCH_PATHS_QUOTED_FOR_TARGET_24)",
					"$(LIBRARY_SEARCH_PATHS_QUOTED_FOR_TARGET_25)",
					"$(LIBRARY_SEARCH_PATHS_QUOTED_FOR_TARGET_26)",
					"$(LIBRARY_SEARCH_PATHS_QUOTED_FOR_TARGET_27)",
					"$(LIBRARY_SEARCH_PATHS_QUOTED_FOR_TARGET_28)",
					"$(LIBRARY_SEARCH_PATHS_QUOTED_FOR_TARGET_29)",
					"$(LIBRARY_SEARCH_PATHS_QUOTED_FOR_TARGET_30)",
					"$(LIBRARY_SEARCH_PATHS_QUOTED_FOR_TARGET_31)",
					"$(LIBRARY_SEARCH_PATHS_QUOTED_FOR_TARGET_32)",
					"$(LIBRARY_SEARCH_PATHS_QUOTED_FOR_TARGET_33)",
					"$(LIBRARY_SEARCH_PATHS_QUOTED_FOR_TARGET_34)",
					"$(LIBRARY_SEARCH_PATHS_QUOTED_FOR_TARGET_35)",
					"$(LIBRARY_SEARCH_PATHS_QUOTED_FOR_TARGET_36)",
					"$(LIBRARY_SEARCH_PATHS_QUOTED_FOR_TARGET_37)",
					"$(LIBRARY_SEARCH_PATHS_QUOTED_FOR_TARGET_38)",
					"$(LIBRARY_SEARCH_PATHS_QUOTED_FOR_TARGET_39)",
					"$(LIBRARY_SEARCH_PATHS_QUOTED_FOR_TARGET_40)",
					"$(LIBRARY_SEARCH_PATHS_QUOTED_FOR_TARGET_41)",
					"$(LIBRARY_SEARCH_PATHS_QUOTED_FOR_TARGET_42)",
					"$(LIBRARY_SEARCH_PATHS_QUOTED_FOR_TARGET_43)",
					"$(LIBRARY_SEARCH_PATHS_QUOTED_FOR_TARGET_44)",
					"$(LIBRARY_SEARCH_PATHS_QUOTED_FOR_TARGET_45)",
					"$(LIBRARY_SEARCH_PATHS_QUOTED_FOR_TARGET_46)",
					"$(LIBRARY_SEARCH_PATHS_QUOTED_FOR_TARGET_47)",
					"$(LIBRARY_SEARCH_PATHS_QUOTED_FOR_TARGET_48)",
					"$(LIBRARY_SEARCH_PATHS_QUOTED_FOR_TARGET_49)",
					"$(LIBRARY_SEARCH_PATHS_QUOTED_FOR_TARGET_50)",
					"$(LIBRARY_SEARCH_PATHS_QUOTED_FOR_TARGET_51)",
				);
				PREBINDING = NO;
				PRODUCT_NAME = "$(TARGET_NAME)";
				WRAPPER_EXTENSION = app;
			};
			name = Release;
		};
/* End XCBuildConfiguration section */

/* Begin XCConfigurationList section */
		E4B69B4D0A3A1720003C02F2 /* Build configuration list for PBXProject "tactoSonix" */ = {
			isa = XCConfigurationList;
			buildConfigurations = (
				E4B69B4E0A3A1720003C02F2 /* Debug */,
				E4B69B4F0A3A1720003C02F2 /* Release */,
			);
			defaultConfigurationIsVisible = 0;
			defaultConfigurationName = Release;
		};
		E4B69B5F0A3A1757003C02F2 /* Build configuration list for PBXNativeTarget "tactoSonix" */ = {
			isa = XCConfigurationList;
			buildConfigurations = (
				E4B69B600A3A1757003C02F2 /* Debug */,
				E4B69B610A3A1757003C02F2 /* Release */,
			);
			defaultConfigurationIsVisible = 0;
			defaultConfigurationName = Release;
		};
/* End XCConfigurationList section */
	};
	rootObject = E4B69B4C0A3A1720003C02F2 /* Project object */;
}
